
Microsoft Visual Studio Solution File, Format Version 12.00
# Visual Studio Version 17
VisualStudioVersion = 17.6.33723.286
MinimumVisualStudioVersion = 10.0.40219.1
Project("{FAE04EC0-301F-11D3-BF4B-00C04F79EFBC}") = "Task1", "Task1\Task1.csproj", "{972AE21C-CEA9-46FD-B52C-89807BE7BEC4}"
EndProject
Project("{FAE04EC0-301F-11D3-BF4B-00C04F79EFBC}") = "Task2", "Task2\Task2.csproj", "{315BB0D9-74FE-46FD-B79A-DB60989D0A6E}"
EndProject
Global
	GlobalSection(SolutionConfigurationPlatforms) = preSolution
		Debug|Any CPU = Debug|Any CPU
		Release|Any CPU = Release|Any CPU
	EndGlobalSection
	GlobalSection(ProjectConfigurationPlatforms) = postSolution
		{972AE21C-CEA9-46FD-B52C-89807BE7BEC4}.Debug|Any CPU.ActiveCfg = Debug|Any CPU
		{972AE21C-CEA9-46FD-B52C-89807BE7BEC4}.Debug|Any CPU.Build.0 = Debug|Any CPU
		{972AE21C-CEA9-46FD-B52C-89807BE7BEC4}.Release|Any CPU.ActiveCfg = Release|Any CPU
		{972AE21C-CEA9-46FD-B52C-89807BE7BEC4}.Release|Any CPU.Build.0 = Release|Any CPU
		{315BB0D9-74FE-46FD-B79A-DB60989D0A6E}.Debug|Any CPU.ActiveCfg = Debug|Any CPU
		{315BB0D9-74FE-46FD-B79A-DB60989D0A6E}.Debug|Any CPU.Build.0 = Debug|Any CPU
		{315BB0D9-74FE-46FD-B79A-DB60989D0A6E}.Release|Any CPU.ActiveCfg = Release|Any CPU
		{315BB0D9-74FE-46FD-B79A-DB60989D0A6E}.Release|Any CPU.Build.0 = Release|Any CPU
	EndGlobalSection
	GlobalSection(SolutionProperties) = preSolution
		HideSolutionNode = FALSE
	EndGlobalSection
	GlobalSection(ExtensibilityGlobals) = postSolution
		SolutionGuid = {795B0ED3-A8A8-4D76-987B-974696087FFD}
	EndGlobalSection
EndGlobal
